// !$*UTF8*$!
{
	archiveVersion = 1;
	classes = {
	};
	objectVersion = 46;
	objects = {

/* Begin PBXBuildFile section */
		58F618B11B3D1365005D096C /* main.m in Sources */ = {isa = PBXBuildFile; fileRef = 58F618B01B3D1365005D096C /* main.m */; };
		58F618B41B3D1365005D096C /* AppDelegate.m in Sources */ = {isa = PBXBuildFile; fileRef = 58F618B31B3D1365005D096C /* AppDelegate.m */; };
		58F618B71B3D1365005D096C /* Mel.xcdatamodeld in Sources */ = {isa = PBXBuildFile; fileRef = 58F618B51B3D1365005D096C /* Mel.xcdatamodeld */; };
		58F618BA1B3D1365005D096C /* ViewController.m in Sources */ = {isa = PBXBuildFile; fileRef = 58F618B91B3D1365005D096C /* ViewController.m */; };
		58F618BD1B3D1365005D096C /* Main.storyboard in Resources */ = {isa = PBXBuildFile; fileRef = 58F618BB1B3D1365005D096C /* Main.storyboard */; };
		58F618BF1B3D1365005D096C /* Images.xcassets in Resources */ = {isa = PBXBuildFile; fileRef = 58F618BE1B3D1365005D096C /* Images.xcassets */; };
		58F618C21B3D1365005D096C /* LaunchScreen.xib in Resources */ = {isa = PBXBuildFile; fileRef = 58F618C01B3D1365005D096C /* LaunchScreen.xib */; };
		58F618CE1B3D1365005D096C /* MelTests.m in Sources */ = {isa = PBXBuildFile; fileRef = 58F618CD1B3D1365005D096C /* MelTests.m */; };
/* End PBXBuildFile section */

/* Begin PBXContainerItemProxy section */
		58F618C81B3D1365005D096C /* PBXContainerItemProxy */ = {
			isa = PBXContainerItemProxy;
			containerPortal = 58F618A31B3D1365005D096C /* Project object */;
			proxyType = 1;
			remoteGlobalIDString = 58F618AA1B3D1365005D096C;
			remoteInfo = Mel;
		};
/* End PBXContainerItemProxy section */

/* Begin PBXFileReference section */
		58F618AB1B3D1365005D096C /* Mel.app */ = {isa = PBXFileReference; explicitFileType = wrapper.application; includeInIndex = 0; path = Mel.app; sourceTree = BUILT_PRODUCTS_DIR; };
		58F618AF1B3D1365005D096C /* Info.plist */ = {isa = PBXFileReference; lastKnownFileType = text.plist.xml; path = Info.plist; sourceTree = "<group>"; };
		58F618B01B3D1365005D096C /* main.m */ = {isa = PBXFileReference; lastKnownFileType = sourcecode.c.objc; path = main.m; sourceTree = "<group>"; };
		58F618B21B3D1365005D096C /* AppDelegate.h */ = {isa = PBXFileReference; lastKnownFileType = sourcecode.c.h; path = AppDelegate.h; sourceTree = "<group>"; };
		58F618B31B3D1365005D096C /* AppDelegate.m */ = {isa = PBXFileReference; lastKnownFileType = sourcecode.c.objc; path = AppDelegate.m; sourceTree = "<group>"; };
		58F618B61B3D1365005D096C /* Mel.xcdatamodel */ = {isa = PBXFileReference; lastKnownFileType = wrapper.xcdatamodel; path = Mel.xcdatamodel; sourceTree = "<group>"; };
		58F618B81B3D1365005D096C /* ViewController.h */ = {isa = PBXFileReference; lastKnownFileType = sourcecode.c.h; path = ViewController.h; sourceTree = "<group>"; };
		58F618B91B3D1365005D096C /* ViewController.m */ = {isa = PBXFileReference; lastKnownFileType = sourcecode.c.objc; path = ViewController.m; sourceTree = "<group>"; };
		58F618BC1B3D1365005D096C /* Base */ = {isa = PBXFileReference; lastKnownFileType = file.storyboard; name = Base; path = Base.lproj/Main.storyboard; sourceTree = "<group>"; };
		58F618BE1B3D1365005D096C /* Images.xcassets */ = {isa = PBXFileReference; lastKnownFileType = folder.assetcatalog; path = Images.xcassets; sourceTree = "<group>"; };
		58F618C11B3D1365005D096C /* Base */ = {isa = PBXFileReference; lastKnownFileType = file.xib; name = Base; path = Base.lproj/LaunchScreen.xib; sourceTree = "<group>"; };
		58F618C71B3D1365005D096C /* MelTests.xctest */ = {isa = PBXFileReference; explicitFileType = wrapper.cfbundle; includeInIndex = 0; path = MelTests.xctest; sourceTree = BUILT_PRODUCTS_DIR; };
		58F618CC1B3D1365005D096C /* Info.plist */ = {isa = PBXFileReference; lastKnownFileType = text.plist.xml; path = Info.plist; sourceTree = "<group>"; };
		58F618CD1B3D1365005D096C /* MelTests.m */ = {isa = PBXFileReference; lastKnownFileType = sourcecode.c.objc; path = MelTests.m; sourceTree = "<group>"; };
/* End PBXFileReference section */

/* Begin PBXFrameworksBuildPhase section */
		58F618A81B3D1365005D096C /* Frameworks */ = {
			isa = PBXFrameworksBuildPhase;
			buildActionMask = 2147483647;
			files = (
			);
			runOnlyForDeploymentPostprocessing = 0;
		};
		58F618C41B3D1365005D096C /* Frameworks */ = {
			isa = PBXFrameworksBuildPhase;
			buildActionMask = 2147483647;
			files = (
			);
			runOnlyForDeploymentPostprocessing = 0;
		};
/* End PBXFrameworksBuildPhase section */

/* Begin PBXGroup section */
		58F618A21B3D1365005D096C = {
			isa = PBXGroup;
			children = (
				58F618AD1B3D1365005D096C /* Mel */,
				58F618CA1B3D1365005D096C /* MelTests */,
				58F618AC1B3D1365005D096C /* Products */,
			);
			sourceTree = "<group>";
		};
		58F618AC1B3D1365005D096C /* Products */ = {
			isa = PBXGroup;
			children = (
				58F618AB1B3D1365005D096C /* Mel.app */,
				58F618C71B3D1365005D096C /* MelTests.xctest */,
			);
			name = Products;
			sourceTree = "<group>";
		};
		58F618AD1B3D1365005D096C /* Mel */ = {
			isa = PBXGroup;
			children = (
				58F618B21B3D1365005D096C /* AppDelegate.h */,
				58F618B31B3D1365005D096C /* AppDelegate.m */,
				58F618B81B3D1365005D096C /* ViewController.h */,
				58F618B91B3D1365005D096C /* ViewController.m */,
				58F618BB1B3D1365005D096C /* Main.storyboard */,
				58F618BE1B3D1365005D096C /* Images.xcassets */,
				58F618C01B3D1365005D096C /* LaunchScreen.xib */,
				58F618B51B3D1365005D096C /* Mel.xcdatamodeld */,
				58F618AE1B3D1365005D096C /* Supporting Files */,
			);
			path = Mel;
			sourceTree = "<group>";
		};
		58F618AE1B3D1365005D096C /* Supporting Files */ = {
			isa = PBXGroup;
			children = (
				58F618AF1B3D1365005D096C /* Info.plist */,
				58F618B01B3D1365005D096C /* main.m */,
			);
			name = "Supporting Files";
			sourceTree = "<group>";
		};
		58F618CA1B3D1365005D096C /* MelTests */ = {
			isa = PBXGroup;
			children = (
				58F618CD1B3D1365005D096C /* MelTests.m */,
				58F618CB1B3D1365005D096C /* Supporting Files */,
			);
			path = MelTests;
			sourceTree = "<group>";
		};
		58F618CB1B3D1365005D096C /* Supporting Files */ = {
			isa = PBXGroup;
			children = (
				58F618CC1B3D1365005D096C /* Info.plist */,
			);
			name = "Supporting Files";
			sourceTree = "<group>";
		};
/* End PBXGroup section */

/* Begin PBXNativeTarget section */
		58F618AA1B3D1365005D096C /* Mel */ = {
			isa = PBXNativeTarget;
			buildConfigurationList = 58F618D11B3D1365005D096C /* Build configuration list for PBXNativeTarget "Mel" */;
			buildPhases = (
				58F618A71B3D1365005D096C /* Sources */,
				58F618A81B3D1365005D096C /* Frameworks */,
				58F618A91B3D1365005D096C /* Resources */,
			);
			buildRules = (
			);
			dependencies = (
			);
			name = Mel;
			productName = Mel;
			productReference = 58F618AB1B3D1365005D096C /* Mel.app */;
			productType = "com.apple.product-type.application";
		};
		58F618C61B3D1365005D096C /* MelTests */ = {
			isa = PBXNativeTarget;
			buildConfigurationList = 58F618D41B3D1365005D096C /* Build configuration list for PBXNativeTarget "MelTests" */;
			buildPhases = (
				58F618C31B3D1365005D096C /* Sources */,
				58F618C41B3D1365005D096C /* Frameworks */,
				58F618C51B3D1365005D096C /* Resources */,
			);
			buildRules = (
			);
			dependencies = (
				58F618C91B3D1365005D096C /* PBXTargetDependency */,
			);
			name = MelTests;
			productName = MelTests;
			productReference = 58F618C71B3D1365005D096C /* MelTests.xctest */;
			productType = "com.apple.product-type.bundle.unit-test";
		};
/* End PBXNativeTarget section */

/* Begin PBXProject section */
		58F618A31B3D1365005D096C /* Project object */ = {
			isa = PBXProject;
			attributes = {
				LastUpgradeCheck = 0630;
				ORGANIZATIONNAME = Melvins;
				TargetAttributes = {
					58F618AA1B3D1365005D096C = {
						CreatedOnToolsVersion = 6.3.1;
					};
					58F618C61B3D1365005D096C = {
						CreatedOnToolsVersion = 6.3.1;
						TestTargetID = 58F618AA1B3D1365005D096C;
					};
				};
			};
			buildConfigurationList = 58F618A61B3D1365005D096C /* Build configuration list for PBXProject "Mel" */;
			compatibilityVersion = "Xcode 3.2";
			developmentRegion = English;
			hasScannedForEncodings = 0;
			knownRegions = (
				en,
				Base,
			);
			mainGroup = 58F618A21B3D1365005D096C;
			productRefGroup = 58F618AC1B3D1365005D096C /* Products */;
			projectDirPath = "";
			projectRoot = "";
			targets = (
				58F618AA1B3D1365005D096C /* Mel */,
				58F618C61B3D1365005D096C /* MelTests */,
			);
		};
/* End PBXProject section */

/* Begin PBXResourcesBuildPhase section */
		58F618A91B3D1365005D096C /* Resources */ = {
			isa = PBXResourcesBuildPhase;
			buildActionMask = 2147483647;
			files = (
				58F618BD1B3D1365005D096C /* Main.storyboard in Resources */,
				58F618C21B3D1365005D096C /* LaunchScreen.xib in Resources */,
				58F618BF1B3D1365005D096C /* Images.xcassets in Resources */,
			);
			runOnlyForDeploymentPostprocessing = 0;
		};
		58F618C51B3D1365005D096C /* Resources */ = {
			isa = PBXResourcesBuildPhase;
			buildActionMask = 2147483647;
			files = (
			);
			runOnlyForDeploymentPostprocessing = 0;
		};
/* End PBXResourcesBuildPhase section */

/* Begin PBXSourcesBuildPhase section */
		58F618A71B3D1365005D096C /* Sources */ = {
			isa = PBXSourcesBuildPhase;
			buildActionMask = 2147483647;
			files = (
				58F618B71B3D1365005D096C /* Mel.xcdatamodeld in Sources */,
				58F618B41B3D1365005D096C /* AppDelegate.m in Sources */,
				58F618BA1B3D1365005D096C /* ViewController.m in Sources */,
				58F618B11B3D1365005D096C /* main.m in Sources */,
			);
			runOnlyForDeploymentPostprocessing = 0;
		};
		58F618C31B3D1365005D096C /* Sources */ = {
			isa = PBXSourcesBuildPhase;
			buildActionMask = 2147483647;
			files = (
				58F618CE1B3D1365005D096C /* MelTests.m in Sources */,
			);
			runOnlyForDeploymentPostprocessing = 0;
		};
/* End PBXSourcesBuildPhase section */

/* Begin PBXTargetDependency section */
		58F618C91B3D1365005D096C /* PBXTargetDependency */ = {
			isa = PBXTargetDependency;
			target = 58F618AA1B3D1365005D096C /* Mel */;
			targetProxy = 58F618C81B3D1365005D096C /* PBXContainerItemProxy */;
		};
/* End PBXTargetDependency section */

/* Begin PBXVariantGroup section */
		58F618BB1B3D1365005D096C /* Main.storyboard */ = {
			isa = PBXVariantGroup;
			children = (
				58F618BC1B3D1365005D096C /* Base */,
			);
			name = Main.storyboard;
			sourceTree = "<group>";
		};
		58F618C01B3D1365005D096C /* LaunchScreen.xib */ = {
			isa = PBXVariantGroup;
			children = (
				58F618C11B3D1365005D096C /* Base */,
			);
			name = LaunchScreen.xib;
			sourceTree = "<group>";
		};
/* End PBXVariantGroup section */

/* Begin XCBuildConfiguration section */
		58F618CF1B3D1365005D096C /* Debug */ = {
			isa = XCBuildConfiguration;
			buildSettings = {
				ALWAYS_SEARCH_USER_PATHS = NO;
				CLANG_CXX_LANGUAGE_STANDARD = "gnu++0x";
				CLANG_CXX_LIBRARY = "libc++";
				CLANG_ENABLE_MODULES = YES;
				CLANG_ENABLE_OBJC_ARC = YES;
				CLANG_WARN_BOOL_CONVERSION = YES;
				CLANG_WARN_CONSTANT_CONVERSION = YES;
				CLANG_WARN_DIRECT_OBJC_ISA_USAGE = YES_ERROR;
				CLANG_WARN_EMPTY_BODY = YES;
				CLANG_WARN_ENUM_CONVERSION = YES;
				CLANG_WARN_INT_CONVERSION = YES;
				CLANG_WARN_OBJC_ROOT_CLASS = YES_ERROR;
				CLANG_WARN_UNREACHABLE_CODE = YES;
				CLANG_WARN__DUPLICATE_METHOD_MATCH = YES;
				"CODE_SIGN_IDENTITY[sdk=iphoneos*]" = "iPhone Developer";
				COPY_PHASE_STRIP = NO;
				DEBUG_INFORMATION_FORMAT = "dwarf-with-dsym";
				ENABLE_STRICT_OBJC_MSGSEND = YES;
				GCC_C_LANGUAGE_STANDARD = gnu99;
				GCC_DYNAMIC_NO_PIC = NO;
				GCC_NO_COMMON_BLOCKS = YES;
				GCC_OPTIMIZATION_LEVEL = 0;
				GCC_PREPROCESSOR_DEFINITIONS = (
					"DEBUG=1",
					"$(inherited)",
				);
				GCC_SYMBOLS_PRIVATE_EXTERN = NO;
				GCC_WARN_64_TO_32_BIT_CONVERSION = YES;
				GCC_WARN_ABOUT_RETURN_TYPE = YES_ERROR;
				GCC_WARN_UNDECLARED_SELECTOR = YES;
				GCC_WARN_UNINITIALIZED_AUTOS = YES_AGGRESSIVE;
				GCC_WARN_UNUSED_FUNCTION = YES;
				GCC_WARN_UNUSED_VARIABLE = YES;
				IPHONEOS_DEPLOYMENT_TARGET = 8.3;
				MTL_ENABLE_DEBUG_INFO = YES;
				ONLY_ACTIVE_ARCH = YES;
				SDKROOT = iphoneos;
			};
			name = Debug;
		};
		58F618D01B3D1365005D096C /* Release */ = {
			isa = XCBuildConfiguration;
			buildSettings = {
				ALWAYS_SEARCH_USER_PATHS = NO;
				CLANG_CXX_LANGUAGE_STANDARD = "gnu++0x";
				CLANG_CXX_LIBRARY = "libc++";
				CLANG_ENABLE_MODULES = YES;
				CLANG_ENABLE_OBJC_ARC = YES;
				CLANG_WARN_BOOL_CONVERSION = YES;
				CLANG_WARN_CONSTANT_CONVERSION = YES;
				CLANG_WARN_DIRECT_OBJC_ISA_USAGE = YES_ERROR;
				CLANG_WARN_EMPTY_BODY = YES;
				CLANG_WARN_ENUM_CONVERSION = YES;
				CLANG_WARN_INT_CONVERSION = YES;
				CLANG_WARN_OBJC_ROOT_CLASS = YES_ERROR;
				CLANG_WARN_UNREACHABLE_CODE = YES;
				CLANG_WARN__DUPLICATE_METHOD_MATCH = YES;
				"CODE_SIGN_IDENTITY[sdk=iphoneos*]" = "iPhone Developer";
				COPY_PHASE_STRIP = NO;
				DEBUG_INFORMATION_FORMAT = "dwarf-with-dsym";
				ENABLE_NS_ASSERTIONS = NO;
				ENABLE_STRICT_OBJC_MSGSEND = YES;
				GCC_C_LANGUAGE_STANDARD = gnu99;
				GCC_NO_COMMON_BLOCKS = YES;
				GCC_WARN_64_TO_32_BIT_CONVERSION = YES;
				GCC_WARN_ABOUT_RETURN_TYPE = YES_ERROR;
				GCC_WARN_UNDECLARED_SELECTOR = YES;
				GCC_WARN_UNINITIALIZED_AUTOS = YES_AGGRESSIVE;
				GCC_WARN_UNUSED_FUNCTION = YES;
				GCC_WARN_UNUSED_VARIABLE = YES;
				IPHONEOS_DEPLOYMENT_TARGET = 8.3;
				MTL_ENABLE_DEBUG_INFO = NO;
				SDKROOT = iphoneos;
				VALIDATE_PRODUCT = YES;
			};
			name = Release;
		};
		58F618D21B3D1365005D096C /* Debug */ = {
			isa = XCBuildConfiguration;
			buildSettings = {
				ASSETCATALOG_COMPILER_APPICON_NAME = AppIcon;
				INFOPLIST_FILE = Mel/Info.plist;
				LD_RUNPATH_SEARCH_PATHS = "$(inherited) @executable_path/Frameworks";
				PRODUCT_NAME = "$(TARGET_NAME)";
			};
			name = Debug;
		};
		58F618D31B3D1365005D096C /* Release */ = {
			isa = XCBuildConfiguration;
			buildSettings = {
				ASSETCATALOG_COMPILER_APPICON_NAME = AppIcon;
				INFOPLIST_FILE = Mel/Info.plist;
				LD_RUNPATH_SEARCH_PATHS = "$(inherited) @executable_path/Frameworks";
				PRODUCT_NAME = "$(TARGET_NAME)";
			};
			name = Release;
		};
		58F618D51B3D1365005D096C /* Debug */ = {
			isa = XCBuildConfiguration;
			buildSettings = {
				BUNDLE_LOADER = "$(TEST_HOST)";
				FRAMEWORK_SEARCH_PATHS = (
					"$(SDKROOT)/Developer/Library/Frameworks",
					"$(inherited)",
				);
				GCC_PREPROCESSOR_DEFINITIONS = (
					"DEBUG=1",
					"$(inherited)",
				);
				INFOPLIST_FILE = MelTests/Info.plist;
				LD_RUNPATH_SEARCH_PATHS = "$(inherited) @executable_path/Frameworks @loader_path/Frameworks";
				PRODUCT_NAME = "$(TARGET_NAME)";
				TEST_HOST = "$(BUILT_PRODUCTS_DIR)/Mel.app/Mel";
			};
			name = Debug;
		};
		58F618D61B3D1365005D096C /* Release */ = {
			isa = XCBuildConfiguration;
			buildSettings = {
				BUNDLE_LOADER = "$(TEST_HOST)";
				FRAMEWORK_SEARCH_PATHS = (
					"$(SDKROOT)/Developer/Library/Frameworks",
					"$(inherited)",
				);
				INFOPLIST_FILE = MelTests/Info.plist;
				LD_RUNPATH_SEARCH_PATHS = "$(inherited) @executable_path/Frameworks @loader_path/Frameworks";
				PRODUCT_NAME = "$(TARGET_NAME)";
				TEST_HOST = "$(BUILT_PRODUCTS_DIR)/Mel.app/Mel";
			};
			name = Release;
		};
/* End XCBuildConfiguration section */

/* Begin XCConfigurationList section */
		58F618A61B3D1365005D096C /* Build configuration list for PBXProject "Mel" */ = {
			isa = XCConfigurationList;
			buildConfigurations = (
				58F618CF1B3D1365005D096C /* Debug */,
				58F618D01B3D1365005D096C /* Release */,
			);
			defaultConfigurationIsVisible = 0;
			defaultConfigurationName = Release;
		};
		58F618D11B3D1365005D096C /* Build configuration list for PBXNativeTarget "Mel" */ = {
			isa = XCConfigurationList;
			buildConfigurations = (
				58F618D21B3D1365005D096C /* Debug */,
				58F618D31B3D1365005D096C /* Release */,
			);
			defaultConfigurationIsVisible = 0;
		};
		58F618D41B3D1365005D096C /* Build configuration list for PBXNativeTarget "MelTests" */ = {
			isa = XCConfigurationList;
			buildConfigurations = (
				58F618D51B3D1365005D096C /* Debug */,
				58F618D61B3D1365005D096C /* Release */,
			);
			defaultConfigurationIsVisible = 0;
		};
/* End XCConfigurationList section */

/* Begin XCVersionGroup section */
		58F618B51B3D1365005D096C /* Mel.xcdatamodeld */ = {
			isa = XCVersionGroup;
			children = (
				58F618B61B3D1365005D096C /* Mel.xcdatamodel */,
			);
			currentVersion = 58F618B61B3D1365005D096C /* Mel.xcdatamodel */;
			path = Mel.xcdatamodeld;
			sourceTree = "<group>";
			versionGroupType = wrapper.xcdatamodel;
		};
/* End XCVersionGroup section */
	};
	rootObject = 58F618A31B3D1365005D096C /* Project object */;
}
